
Microsoft Visual Studio Solution File, Format Version 12.00
# Visual Studio Version 16
VisualStudioVersion = 16.0.33130.400
MinimumVisualStudioVersion = 10.0.40219.1
Project("{9A19103F-16F7-4668-BE54-9A1E7A4F7556}") = "TodoApi", "TodoApi\TodoApi.csproj", "{9F7EBFC8-2642-41F0-AC2F-F7738FE5A9DF}"
EndProject
Global
	GlobalSection(SolutionConfigurationPlatforms) = preSolution
		Debug|Any CPU = Debug|Any CPU
		Release|Any CPU = Release|Any CPU
	EndGlobalSection
	GlobalSection(ProjectConfigurationPlatforms) = postSolution
		{9F7EBFC8-2642-41F0-AC2F-F7738FE5A9DF}.Debug|Any CPU.ActiveCfg = Debug|Any CPU
		{9F7EBFC8-2642-41F0-AC2F-F7738FE5A9DF}.Debug|Any CPU.Build.0 = Debug|Any CPU
		{9F7EBFC8-2642-41F0-AC2F-F7738FE5A9DF}.Release|Any CPU.ActiveCfg = Release|Any CPU
		{9F7EBFC8-2642-41F0-AC2F-F7738FE5A9DF}.Release|Any CPU.Build.0 = Release|Any CPU
	EndGlobalSection
	GlobalSection(SolutionProperties) = preSolution
		HideSolutionNode = FALSE
	EndGlobalSection
	GlobalSection(ExtensibilityGlobals) = postSolution
		SolutionGuid = {85FF8BEF-BB93-4970-908B-1EFF75BB3B95}
	EndGlobalSection
EndGlobal
